
Microsoft Visual Studio Solution File, Format Version 12.00
# Visual Studio Version 17
VisualStudioVersion = 17.1.32407.343
MinimumVisualStudioVersion = 10.0.40219.1
Project("{FAE04EC0-301F-11D3-BF4B-00C04F79EFBC}") = "PokemonUI", "PokemonUI\PokemonUI.csproj", "{C022B1A2-BAD8-45D5-95C3-5C84FF942423}"
EndProject
Project("{FAE04EC0-301F-11D3-BF4B-00C04F79EFBC}") = "PokemonModels", "PokemonModels\PokemonModels.csproj", "{170277A1-199F-496F-B2FD-750B014CEC78}"
EndProject
Project("{FAE04EC0-301F-11D3-BF4B-00C04F79EFBC}") = "PokemonBL", "PokemonBL\PokemonBL.csproj", "{059E6DBD-7669-44D6-A5B5-D627DE20E65A}"
EndProject
Project("{FAE04EC0-301F-11D3-BF4B-00C04F79EFBC}") = "PokemonDL", "PokemonDL\PokemonDL.csproj", "{C3F90B25-B899-402F-8FAC-131BA379C047}"
EndProject
Global
	GlobalSection(SolutionConfigurationPlatforms) = preSolution
		Debug|Any CPU = Debug|Any CPU
		Release|Any CPU = Release|Any CPU
	EndGlobalSection
	GlobalSection(ProjectConfigurationPlatforms) = postSolution
		{C022B1A2-BAD8-45D5-95C3-5C84FF942423}.Debug|Any CPU.ActiveCfg = Debug|Any CPU
		{C022B1A2-BAD8-45D5-95C3-5C84FF942423}.Debug|Any CPU.Build.0 = Debug|Any CPU
		{C022B1A2-BAD8-45D5-95C3-5C84FF942423}.Release|Any CPU.ActiveCfg = Release|Any CPU
		{C022B1A2-BAD8-45D5-95C3-5C84FF942423}.Release|Any CPU.Build.0 = Release|Any CPU
		{170277A1-199F-496F-B2FD-750B014CEC78}.Debug|Any CPU.ActiveCfg = Debug|Any CPU
		{170277A1-199F-496F-B2FD-750B014CEC78}.Debug|Any CPU.Build.0 = Debug|Any CPU
		{170277A1-199F-496F-B2FD-750B014CEC78}.Release|Any CPU.ActiveCfg = Release|Any CPU
		{170277A1-199F-496F-B2FD-750B014CEC78}.Release|Any CPU.Build.0 = Release|Any CPU
		{059E6DBD-7669-44D6-A5B5-D627DE20E65A}.Debug|Any CPU.ActiveCfg = Debug|Any CPU
		{059E6DBD-7669-44D6-A5B5-D627DE20E65A}.Debug|Any CPU.Build.0 = Debug|Any CPU
		{059E6DBD-7669-44D6-A5B5-D627DE20E65A}.Release|Any CPU.ActiveCfg = Release|Any CPU
		{059E6DBD-7669-44D6-A5B5-D627DE20E65A}.Release|Any CPU.Build.0 = Release|Any CPU
		{C3F90B25-B899-402F-8FAC-131BA379C047}.Debug|Any CPU.ActiveCfg = Debug|Any CPU
		{C3F90B25-B899-402F-8FAC-131BA379C047}.Debug|Any CPU.Build.0 = Debug|Any CPU
		{C3F90B25-B899-402F-8FAC-131BA379C047}.Release|Any CPU.ActiveCfg = Release|Any CPU
		{C3F90B25-B899-402F-8FAC-131BA379C047}.Release|Any CPU.Build.0 = Release|Any CPU
	EndGlobalSection
	GlobalSection(SolutionProperties) = preSolution
		HideSolutionNode = FALSE
	EndGlobalSection
	GlobalSection(ExtensibilityGlobals) = postSolution
		SolutionGuid = {CCE7349F-C333-4586-A5B1-B5734331144E}
	EndGlobalSection
EndGlobal
